{
  "requires": true,
  "lockfileVersion": 1,
  "dependencies": {
    "elm-monitor": {
      "version": "0.0.8",
      "resolved": "https://registry.npmjs.org/elm-monitor/-/elm-monitor-0.0.8.tgz",
      "integrity": "sha512-ZSkk/jv1gvhMGyXsInKD0J4k6wIUg/dT41HLw6UZwCwLqPb+uO0uME6TYyjRrDHwdjg7CcR5OzpOl8ymz/7Ngw=="
    }
  }
}
